
Microsoft Visual Studio Solution File, Format Version 12.00
# Visual Studio Version 17
VisualStudioVersion = 17.9.34723.18
MinimumVisualStudioVersion = 10.0.40219.1
Project("{FAE04EC0-301F-11D3-BF4B-00C04F79EFBC}") = "PerformanceSettings", "PerformanceSettings.csproj", "{88EB25FC-8F9E-4944-8217-4941F4FC74AA}"
EndProject
Global
	GlobalSection(SolutionConfigurationPlatforms) = preSolution
		Debug|Any CPU = Debug|Any CPU
		Release|Any CPU = Release|Any CPU
	EndGlobalSection
	GlobalSection(ProjectConfigurationPlatforms) = postSolution
		{88EB25FC-8F9E-4944-8217-4941F4FC74AA}.Debug|Any CPU.ActiveCfg = Debug|Any CPU
		{88EB25FC-8F9E-4944-8217-4941F4FC74AA}.Debug|Any CPU.Build.0 = Debug|Any CPU
		{88EB25FC-8F9E-4944-8217-4941F4FC74AA}.Release|Any CPU.ActiveCfg = Release|Any CPU
		{88EB25FC-8F9E-4944-8217-4941F4FC74AA}.Release|Any CPU.Build.0 = Release|Any CPU
	EndGlobalSection
	GlobalSection(SolutionProperties) = preSolution
		HideSolutionNode = FALSE
	EndGlobalSection
	GlobalSection(ExtensibilityGlobals) = postSolution
		SolutionGuid = {C28E7255-9434-4BC5-8071-E54ED139D989}
	EndGlobalSection
EndGlobal
